
Microsoft Visual Studio Solution File, Format Version 12.00
# Visual Studio Version 16
VisualStudioVersion = 16.0.32428.217
MinimumVisualStudioVersion = 10.0.40219.1
Project("{9092AA53-FB77-4645-B42D-1CCCA6BD08BD}") = "sampleSoln", "sampleSoln.njsproj", "{6562B0BF-0C63-46F1-A08C-7BD700624555}"
EndProject
Global
	GlobalSection(SolutionConfigurationPlatforms) = preSolution
		Debug|Any CPU = Debug|Any CPU
		Release|Any CPU = Release|Any CPU
	EndGlobalSection
	GlobalSection(ProjectConfigurationPlatforms) = postSolution
		{6562B0BF-0C63-46F1-A08C-7BD700624555}.Debug|Any CPU.ActiveCfg = Debug|Any CPU
		{6562B0BF-0C63-46F1-A08C-7BD700624555}.Debug|Any CPU.Build.0 = Debug|Any CPU
		{6562B0BF-0C63-46F1-A08C-7BD700624555}.Release|Any CPU.ActiveCfg = Release|Any CPU
		{6562B0BF-0C63-46F1-A08C-7BD700624555}.Release|Any CPU.Build.0 = Release|Any CPU
	EndGlobalSection
	GlobalSection(SolutionProperties) = preSolution
		HideSolutionNode = FALSE
	EndGlobalSection
	GlobalSection(ExtensibilityGlobals) = postSolution
		SolutionGuid = {284B63C7-FA87-4785-A333-0B87DFF580D0}
	EndGlobalSection
EndGlobal
